
Microsoft Visual Studio Solution File, Format Version 12.00
# Visual Studio Version 17
VisualStudioVersion = 17.0.32014.148
MinimumVisualStudioVersion = 10.0.40219.1
Project("{FAE04EC0-301F-11D3-BF4B-00C04F79EFBC}") = "WingCrypt", "WingCryptWPF\WingCryptWPF.csproj", "{411375B1-5A59-40B9-9558-D711A0B2EFED}"
EndProject
Global
	GlobalSection(SolutionConfigurationPlatforms) = preSolution
		Debug|Any CPU = Debug|Any CPU
		Release|Any CPU = Release|Any CPU
	EndGlobalSection
	GlobalSection(ProjectConfigurationPlatforms) = postSolution
		{411375B1-5A59-40B9-9558-D711A0B2EFED}.Debug|Any CPU.ActiveCfg = Debug|Any CPU
		{411375B1-5A59-40B9-9558-D711A0B2EFED}.Debug|Any CPU.Build.0 = Debug|Any CPU
		{411375B1-5A59-40B9-9558-D711A0B2EFED}.Release|Any CPU.ActiveCfg = Release|Any CPU
		{411375B1-5A59-40B9-9558-D711A0B2EFED}.Release|Any CPU.Build.0 = Release|Any CPU
	EndGlobalSection
	GlobalSection(SolutionProperties) = preSolution
		HideSolutionNode = FALSE
	EndGlobalSection
	GlobalSection(ExtensibilityGlobals) = postSolution
		SolutionGuid = {4B47E9EE-3CD0-4C08-967B-ADB432F312BD}
	EndGlobalSection
EndGlobal
